
Microsoft Visual Studio Solution File, Format Version 12.00
# Visual Studio Version 16
VisualStudioVersion = 16.0.30523.141
MinimumVisualStudioVersion = 10.0.40219.1
Project("{9A19103F-16F7-4668-BE54-9A1E7A4F7556}") = "BasicCodingInCSharpTests", "BasicCodingInCSharpTests\BasicCodingInCSharpTests.csproj", "{708E4605-69F2-4E6C-91A9-33EF1CF4DAF4}"
EndProject
Project("{9A19103F-16F7-4668-BE54-9A1E7A4F7556}") = "BasicCodingInCSharp", "BasicCodingInCSharp\BasicCodingInCSharp.csproj", "{44822164-D5C7-480C-B8D0-1816E39B11CB}"
EndProject
Global
	GlobalSection(SolutionConfigurationPlatforms) = preSolution
		Debug|Any CPU = Debug|Any CPU
		Release|Any CPU = Release|Any CPU
	EndGlobalSection
	GlobalSection(ProjectConfigurationPlatforms) = postSolution
		{708E4605-69F2-4E6C-91A9-33EF1CF4DAF4}.Debug|Any CPU.ActiveCfg = Debug|Any CPU
		{708E4605-69F2-4E6C-91A9-33EF1CF4DAF4}.Debug|Any CPU.Build.0 = Debug|Any CPU
		{708E4605-69F2-4E6C-91A9-33EF1CF4DAF4}.Release|Any CPU.ActiveCfg = Release|Any CPU
		{708E4605-69F2-4E6C-91A9-33EF1CF4DAF4}.Release|Any CPU.Build.0 = Release|Any CPU
		{44822164-D5C7-480C-B8D0-1816E39B11CB}.Debug|Any CPU.ActiveCfg = Debug|Any CPU
		{44822164-D5C7-480C-B8D0-1816E39B11CB}.Debug|Any CPU.Build.0 = Debug|Any CPU
		{44822164-D5C7-480C-B8D0-1816E39B11CB}.Release|Any CPU.ActiveCfg = Release|Any CPU
		{44822164-D5C7-480C-B8D0-1816E39B11CB}.Release|Any CPU.Build.0 = Release|Any CPU
	EndGlobalSection
	GlobalSection(SolutionProperties) = preSolution
		HideSolutionNode = FALSE
	EndGlobalSection
	GlobalSection(ExtensibilityGlobals) = postSolution
		SolutionGuid = {F6074138-9E71-4043-AA9A-1E8F35E0A2F7}
	EndGlobalSection
EndGlobal
